
Microsoft Visual Studio Solution File, Format Version 12.00
# Visual Studio Version 17
VisualStudioVersion = 17.0.31903.59
MinimumVisualStudioVersion = 10.0.40219.1
Project("{FAE04EC0-301F-11D3-BF4B-00C04F79EFBC}") = "Day1.Common", "Day1.Common\Day1.Common.csproj", "{93F1EDB5-C777-4E86-BBBD-654E3BB1D8C3}"
EndProject
Project("{FAE04EC0-301F-11D3-BF4B-00C04F79EFBC}") = "Day1.Core", "Day1.Core\Day1.Core.csproj", "{DDB331AB-3C5C-4ABF-824D-322A29F9DF67}"
EndProject
Project("{FAE04EC0-301F-11D3-BF4B-00C04F79EFBC}") = "Day1.Testing", "Day1.Testing\Day1.Testing.csproj", "{616CBB5C-E461-44AC-85B3-138A2A647718}"
EndProject
Global
	GlobalSection(SolutionConfigurationPlatforms) = preSolution
		Debug|Any CPU = Debug|Any CPU
		Release|Any CPU = Release|Any CPU
	EndGlobalSection
	GlobalSection(SolutionProperties) = preSolution
		HideSolutionNode = FALSE
	EndGlobalSection
	GlobalSection(ProjectConfigurationPlatforms) = postSolution
		{93F1EDB5-C777-4E86-BBBD-654E3BB1D8C3}.Debug|Any CPU.ActiveCfg = Debug|Any CPU
		{93F1EDB5-C777-4E86-BBBD-654E3BB1D8C3}.Debug|Any CPU.Build.0 = Debug|Any CPU
		{93F1EDB5-C777-4E86-BBBD-654E3BB1D8C3}.Release|Any CPU.ActiveCfg = Release|Any CPU
		{93F1EDB5-C777-4E86-BBBD-654E3BB1D8C3}.Release|Any CPU.Build.0 = Release|Any CPU
		{DDB331AB-3C5C-4ABF-824D-322A29F9DF67}.Debug|Any CPU.ActiveCfg = Debug|Any CPU
		{DDB331AB-3C5C-4ABF-824D-322A29F9DF67}.Debug|Any CPU.Build.0 = Debug|Any CPU
		{DDB331AB-3C5C-4ABF-824D-322A29F9DF67}.Release|Any CPU.ActiveCfg = Release|Any CPU
		{DDB331AB-3C5C-4ABF-824D-322A29F9DF67}.Release|Any CPU.Build.0 = Release|Any CPU
		{616CBB5C-E461-44AC-85B3-138A2A647718}.Debug|Any CPU.ActiveCfg = Debug|Any CPU
		{616CBB5C-E461-44AC-85B3-138A2A647718}.Debug|Any CPU.Build.0 = Debug|Any CPU
		{616CBB5C-E461-44AC-85B3-138A2A647718}.Release|Any CPU.ActiveCfg = Release|Any CPU
		{616CBB5C-E461-44AC-85B3-138A2A647718}.Release|Any CPU.Build.0 = Release|Any CPU
	EndGlobalSection
EndGlobal
