
Microsoft Visual Studio Solution File, Format Version 12.00
# Visual Studio Version 17
VisualStudioVersion = 17.0.31903.59
MinimumVisualStudioVersion = 10.0.40219.1
Project("{FAE04EC0-301F-11D3-BF4B-00C04F79EFBC}") = "Day11.Core", "Day11.Core\Day11.Core.csproj", "{F25E5484-89FC-4913-A929-709B0B0F8011}"
EndProject
Project("{FAE04EC0-301F-11D3-BF4B-00C04F79EFBC}") = "Day11.Common", "Day11.Common\Day11.Common.csproj", "{3F2431A0-B6B0-431D-82C9-0E3C7CE7568C}"
EndProject
Project("{FAE04EC0-301F-11D3-BF4B-00C04F79EFBC}") = "Day11.Testing", "Day11.Testing\Day11.Testing.csproj", "{33F90778-7E40-4C6A-8A52-C6E4FDDF79EE}"
EndProject
Global
	GlobalSection(SolutionConfigurationPlatforms) = preSolution
		Debug|Any CPU = Debug|Any CPU
		Release|Any CPU = Release|Any CPU
	EndGlobalSection
	GlobalSection(SolutionProperties) = preSolution
		HideSolutionNode = FALSE
	EndGlobalSection
	GlobalSection(ProjectConfigurationPlatforms) = postSolution
		{F25E5484-89FC-4913-A929-709B0B0F8011}.Debug|Any CPU.ActiveCfg = Debug|Any CPU
		{F25E5484-89FC-4913-A929-709B0B0F8011}.Debug|Any CPU.Build.0 = Debug|Any CPU
		{F25E5484-89FC-4913-A929-709B0B0F8011}.Release|Any CPU.ActiveCfg = Release|Any CPU
		{F25E5484-89FC-4913-A929-709B0B0F8011}.Release|Any CPU.Build.0 = Release|Any CPU
		{3F2431A0-B6B0-431D-82C9-0E3C7CE7568C}.Debug|Any CPU.ActiveCfg = Debug|Any CPU
		{3F2431A0-B6B0-431D-82C9-0E3C7CE7568C}.Debug|Any CPU.Build.0 = Debug|Any CPU
		{3F2431A0-B6B0-431D-82C9-0E3C7CE7568C}.Release|Any CPU.ActiveCfg = Release|Any CPU
		{3F2431A0-B6B0-431D-82C9-0E3C7CE7568C}.Release|Any CPU.Build.0 = Release|Any CPU
		{33F90778-7E40-4C6A-8A52-C6E4FDDF79EE}.Debug|Any CPU.ActiveCfg = Debug|Any CPU
		{33F90778-7E40-4C6A-8A52-C6E4FDDF79EE}.Debug|Any CPU.Build.0 = Debug|Any CPU
		{33F90778-7E40-4C6A-8A52-C6E4FDDF79EE}.Release|Any CPU.ActiveCfg = Release|Any CPU
		{33F90778-7E40-4C6A-8A52-C6E4FDDF79EE}.Release|Any CPU.Build.0 = Release|Any CPU
	EndGlobalSection
EndGlobal
